
Microsoft Visual Studio Solution File, Format Version 12.00
# Visual Studio 14
VisualStudioVersion = 14.0.25420.1
MinimumVisualStudioVersion = 10.0.40219.1
Project("{FAE04EC0-301F-11D3-BF4B-00C04F79EFBC}") = "HRIS.Domain", "HRIS.Domain\HRIS.Domain.csproj", "{29B681D3-AF3B-44B1-85D6-A92DAD474A6D}"
EndProject
Project("{FAE04EC0-301F-11D3-BF4B-00C04F79EFBC}") = "HRIS.Mapping", "HRIS.Mapping\HRIS.Mapping.csproj", "{911D3780-0078-45CD-BEB7-3AADD6B247F8}"
EndProject
Project("{F14B399A-7131-4C87-9E4B-1186C45EF12D}") = "HRIS.Reports", "HRIS.Reports\HRIS.Reports.rptproj", "{A07BE255-760F-435E-87D9-BBE5DA139B30}"
EndProject
Project("{FAE04EC0-301F-11D3-BF4B-00C04F79EFBC}") = "HRIS.SDKs", "HRIS.SDKs\HRIS.SDKs.csproj", "{CA06BE27-1BEA-467D-AE9E-F3E22DBB54FD}"
EndProject
Project("{FAE04EC0-301F-11D3-BF4B-00C04F79EFBC}") = "HRIS.Validation", "HRIS.Validation\HRIS.Validation.csproj", "{4B856B7C-13BB-4381-BD07-AD40FF3D864E}"
EndProject
Project("{FAE04EC0-301F-11D3-BF4B-00C04F79EFBC}") = "Souccar", "Souccar.Domain\Souccar.csproj", "{942B938B-82EF-4839-B6CE-57A7B6FFBAF3}"
EndProject
Project("{FAE04EC0-301F-11D3-BF4B-00C04F79EFBC}") = "Souccar.Infrastructure", "Souccar.Infrastructure\Souccar.Infrastructure.csproj", "{0DCEEC2B-3843-40FA-BF57-1D5901F6D6BB}"
EndProject
Project("{FAE04EC0-301F-11D3-BF4B-00C04F79EFBC}") = "Souccar.NHibernate", "Souccar.NHibernate\Souccar.NHibernate.csproj", "{0BD77F13-8DF6-4C16-9508-33AA4CF0677A}"
EndProject
Project("{FAE04EC0-301F-11D3-BF4B-00C04F79EFBC}") = "Souccar.Reflector", "Souccar.Reflector\Souccar.Reflector.csproj", "{D518FAA9-2FA7-47A5-A22F-D650F14484DE}"
EndProject
Project("{FAE04EC0-301F-11D3-BF4B-00C04F79EFBC}") = "Souccar.NHibernateManager", "Souccar.NHibernateManager\Souccar.NHibernateManager.csproj", "{CF55E544-F74A-43AB-BC17-2BCE5A3F47E5}"
EndProject
Project("{FAE04EC0-301F-11D3-BF4B-00C04F79EFBC}") = "Souccar.CodeGenerator", "CodeGeneratorLibrary\Souccar.CodeGenerator.csproj", "{B7A30FF3-DACF-4290-8A4B-7AA0229F86AA}"
EndProject
Project("{FAE04EC0-301F-11D3-BF4B-00C04F79EFBC}") = "project.Web.Mvc4", "HRIS.Web.Mvc4\project.Web.Mvc4.csproj", "{9D814031-A96D-4119-908B-FE71FD1EFFDB}"
EndProject
Project("{FAE04EC0-301F-11D3-BF4B-00C04F79EFBC}") = "Souccar.ReportGenerator.Services", "ReportGenerator.Services\Souccar.ReportGenerator.Services.csproj", "{07D014B6-C71A-4AD9-90B4-D8136CBF2B58}"
EndProject
Project("{FAE04EC0-301F-11D3-BF4B-00C04F79EFBC}") = "Reporting", "Reporting\Reporting.csproj", "{3C6B435C-0703-421E-B088-045BBB49E3B3}"
EndProject
Project("{FAE04EC0-301F-11D3-BF4B-00C04F79EFBC}") = "Resources", "Resources\Resources.csproj", "{0D230E47-2FAD-4CDD-B51E-83E55BF1C76C}"
EndProject
Project("{FAE04EC0-301F-11D3-BF4B-00C04F79EFBC}") = "Souccar.ReportGenerator.Domain", "ReportGenerator.Domain\Souccar.ReportGenerator.Domain.csproj", "{53DB57E4-FAD3-46AC-8273-9F89A3516A19}"
EndProject
Global
	GlobalSection(SolutionConfigurationPlatforms) = preSolution
		Debug|Any CPU = Debug|Any CPU
		DebugLocal|Any CPU = DebugLocal|Any CPU
		Release|Any CPU = Release|Any CPU
	EndGlobalSection
	GlobalSection(ProjectConfigurationPlatforms) = postSolution
		{29B681D3-AF3B-44B1-85D6-A92DAD474A6D}.Debug|Any CPU.ActiveCfg = Debug|Any CPU
		{29B681D3-AF3B-44B1-85D6-A92DAD474A6D}.Debug|Any CPU.Build.0 = Debug|Any CPU
		{29B681D3-AF3B-44B1-85D6-A92DAD474A6D}.DebugLocal|Any CPU.ActiveCfg = Debug|Any CPU
		{29B681D3-AF3B-44B1-85D6-A92DAD474A6D}.DebugLocal|Any CPU.Build.0 = Debug|Any CPU
		{29B681D3-AF3B-44B1-85D6-A92DAD474A6D}.Release|Any CPU.ActiveCfg = Release|Any CPU
		{29B681D3-AF3B-44B1-85D6-A92DAD474A6D}.Release|Any CPU.Build.0 = Release|Any CPU
		{911D3780-0078-45CD-BEB7-3AADD6B247F8}.Debug|Any CPU.ActiveCfg = Debug|Any CPU
		{911D3780-0078-45CD-BEB7-3AADD6B247F8}.Debug|Any CPU.Build.0 = Debug|Any CPU
		{911D3780-0078-45CD-BEB7-3AADD6B247F8}.DebugLocal|Any CPU.ActiveCfg = Debug|Any CPU
		{911D3780-0078-45CD-BEB7-3AADD6B247F8}.DebugLocal|Any CPU.Build.0 = Debug|Any CPU
		{911D3780-0078-45CD-BEB7-3AADD6B247F8}.Release|Any CPU.ActiveCfg = Release|Any CPU
		{911D3780-0078-45CD-BEB7-3AADD6B247F8}.Release|Any CPU.Build.0 = Release|Any CPU
		{A07BE255-760F-435E-87D9-BBE5DA139B30}.Debug|Any CPU.ActiveCfg = Debug
		{A07BE255-760F-435E-87D9-BBE5DA139B30}.Debug|Any CPU.Build.0 = Debug
		{A07BE255-760F-435E-87D9-BBE5DA139B30}.Debug|Any CPU.Deploy.0 = Debug
		{A07BE255-760F-435E-87D9-BBE5DA139B30}.DebugLocal|Any CPU.ActiveCfg = DebugLocal
		{A07BE255-760F-435E-87D9-BBE5DA139B30}.DebugLocal|Any CPU.Build.0 = DebugLocal
		{A07BE255-760F-435E-87D9-BBE5DA139B30}.DebugLocal|Any CPU.Deploy.0 = DebugLocal
		{A07BE255-760F-435E-87D9-BBE5DA139B30}.Release|Any CPU.ActiveCfg = Release
		{A07BE255-760F-435E-87D9-BBE5DA139B30}.Release|Any CPU.Build.0 = Release
		{A07BE255-760F-435E-87D9-BBE5DA139B30}.Release|Any CPU.Deploy.0 = Release
		{CA06BE27-1BEA-467D-AE9E-F3E22DBB54FD}.Debug|Any CPU.ActiveCfg = Debug|Any CPU
		{CA06BE27-1BEA-467D-AE9E-F3E22DBB54FD}.Debug|Any CPU.Build.0 = Debug|Any CPU
		{CA06BE27-1BEA-467D-AE9E-F3E22DBB54FD}.DebugLocal|Any CPU.ActiveCfg = Debug|Any CPU
		{CA06BE27-1BEA-467D-AE9E-F3E22DBB54FD}.DebugLocal|Any CPU.Build.0 = Debug|Any CPU
		{CA06BE27-1BEA-467D-AE9E-F3E22DBB54FD}.Release|Any CPU.ActiveCfg = Release|Any CPU
		{CA06BE27-1BEA-467D-AE9E-F3E22DBB54FD}.Release|Any CPU.Build.0 = Release|Any CPU
		{4B856B7C-13BB-4381-BD07-AD40FF3D864E}.Debug|Any CPU.ActiveCfg = Debug|Any CPU
		{4B856B7C-13BB-4381-BD07-AD40FF3D864E}.Debug|Any CPU.Build.0 = Debug|Any CPU
		{4B856B7C-13BB-4381-BD07-AD40FF3D864E}.DebugLocal|Any CPU.ActiveCfg = Debug|Any CPU
		{4B856B7C-13BB-4381-BD07-AD40FF3D864E}.DebugLocal|Any CPU.Build.0 = Debug|Any CPU
		{4B856B7C-13BB-4381-BD07-AD40FF3D864E}.Release|Any CPU.ActiveCfg = Release|Any CPU
		{4B856B7C-13BB-4381-BD07-AD40FF3D864E}.Release|Any CPU.Build.0 = Release|Any CPU
		{942B938B-82EF-4839-B6CE-57A7B6FFBAF3}.Debug|Any CPU.ActiveCfg = Debug|Any CPU
		{942B938B-82EF-4839-B6CE-57A7B6FFBAF3}.Debug|Any CPU.Build.0 = Debug|Any CPU
		{942B938B-82EF-4839-B6CE-57A7B6FFBAF3}.DebugLocal|Any CPU.ActiveCfg = Debug|Any CPU
		{942B938B-82EF-4839-B6CE-57A7B6FFBAF3}.DebugLocal|Any CPU.Build.0 = Debug|Any CPU
		{942B938B-82EF-4839-B6CE-57A7B6FFBAF3}.Release|Any CPU.ActiveCfg = Release|Any CPU
		{942B938B-82EF-4839-B6CE-57A7B6FFBAF3}.Release|Any CPU.Build.0 = Release|Any CPU
		{0DCEEC2B-3843-40FA-BF57-1D5901F6D6BB}.Debug|Any CPU.ActiveCfg = Debug|Any CPU
		{0DCEEC2B-3843-40FA-BF57-1D5901F6D6BB}.Debug|Any CPU.Build.0 = Debug|Any CPU
		{0DCEEC2B-3843-40FA-BF57-1D5901F6D6BB}.DebugLocal|Any CPU.ActiveCfg = Debug|Any CPU
		{0DCEEC2B-3843-40FA-BF57-1D5901F6D6BB}.DebugLocal|Any CPU.Build.0 = Debug|Any CPU
		{0DCEEC2B-3843-40FA-BF57-1D5901F6D6BB}.Release|Any CPU.ActiveCfg = Release|Any CPU
		{0DCEEC2B-3843-40FA-BF57-1D5901F6D6BB}.Release|Any CPU.Build.0 = Release|Any CPU
		{0BD77F13-8DF6-4C16-9508-33AA4CF0677A}.Debug|Any CPU.ActiveCfg = Debug|Any CPU
		{0BD77F13-8DF6-4C16-9508-33AA4CF0677A}.Debug|Any CPU.Build.0 = Debug|Any CPU
		{0BD77F13-8DF6-4C16-9508-33AA4CF0677A}.DebugLocal|Any CPU.ActiveCfg = Debug|Any CPU
		{0BD77F13-8DF6-4C16-9508-33AA4CF0677A}.DebugLocal|Any CPU.Build.0 = Debug|Any CPU
		{0BD77F13-8DF6-4C16-9508-33AA4CF0677A}.Release|Any CPU.ActiveCfg = Release|Any CPU
		{0BD77F13-8DF6-4C16-9508-33AA4CF0677A}.Release|Any CPU.Build.0 = Release|Any CPU
		{D518FAA9-2FA7-47A5-A22F-D650F14484DE}.Debug|Any CPU.ActiveCfg = Debug|Any CPU
		{D518FAA9-2FA7-47A5-A22F-D650F14484DE}.Debug|Any CPU.Build.0 = Debug|Any CPU
		{D518FAA9-2FA7-47A5-A22F-D650F14484DE}.DebugLocal|Any CPU.ActiveCfg = Debug|Any CPU
		{D518FAA9-2FA7-47A5-A22F-D650F14484DE}.DebugLocal|Any CPU.Build.0 = Debug|Any CPU
		{D518FAA9-2FA7-47A5-A22F-D650F14484DE}.Release|Any CPU.ActiveCfg = Release|Any CPU
		{D518FAA9-2FA7-47A5-A22F-D650F14484DE}.Release|Any CPU.Build.0 = Release|Any CPU
		{CF55E544-F74A-43AB-BC17-2BCE5A3F47E5}.Debug|Any CPU.ActiveCfg = Debug|Any CPU
		{CF55E544-F74A-43AB-BC17-2BCE5A3F47E5}.Debug|Any CPU.Build.0 = Debug|Any CPU
		{CF55E544-F74A-43AB-BC17-2BCE5A3F47E5}.DebugLocal|Any CPU.ActiveCfg = Debug|Any CPU
		{CF55E544-F74A-43AB-BC17-2BCE5A3F47E5}.DebugLocal|Any CPU.Build.0 = Debug|Any CPU
		{CF55E544-F74A-43AB-BC17-2BCE5A3F47E5}.Release|Any CPU.ActiveCfg = Release|Any CPU
		{CF55E544-F74A-43AB-BC17-2BCE5A3F47E5}.Release|Any CPU.Build.0 = Release|Any CPU
		{B7A30FF3-DACF-4290-8A4B-7AA0229F86AA}.Debug|Any CPU.ActiveCfg = Debug|Any CPU
		{B7A30FF3-DACF-4290-8A4B-7AA0229F86AA}.Debug|Any CPU.Build.0 = Debug|Any CPU
		{B7A30FF3-DACF-4290-8A4B-7AA0229F86AA}.DebugLocal|Any CPU.ActiveCfg = Debug|Any CPU
		{B7A30FF3-DACF-4290-8A4B-7AA0229F86AA}.DebugLocal|Any CPU.Build.0 = Debug|Any CPU
		{B7A30FF3-DACF-4290-8A4B-7AA0229F86AA}.Release|Any CPU.ActiveCfg = Release|Any CPU
		{B7A30FF3-DACF-4290-8A4B-7AA0229F86AA}.Release|Any CPU.Build.0 = Release|Any CPU
		{9D814031-A96D-4119-908B-FE71FD1EFFDB}.Debug|Any CPU.ActiveCfg = Debug|Any CPU
		{9D814031-A96D-4119-908B-FE71FD1EFFDB}.Debug|Any CPU.Build.0 = Debug|Any CPU
		{9D814031-A96D-4119-908B-FE71FD1EFFDB}.DebugLocal|Any CPU.ActiveCfg = Debug|Any CPU
		{9D814031-A96D-4119-908B-FE71FD1EFFDB}.DebugLocal|Any CPU.Build.0 = Debug|Any CPU
		{9D814031-A96D-4119-908B-FE71FD1EFFDB}.Release|Any CPU.ActiveCfg = Release|Any CPU
		{9D814031-A96D-4119-908B-FE71FD1EFFDB}.Release|Any CPU.Build.0 = Release|Any CPU
		{07D014B6-C71A-4AD9-90B4-D8136CBF2B58}.Debug|Any CPU.ActiveCfg = Debug|Any CPU
		{07D014B6-C71A-4AD9-90B4-D8136CBF2B58}.Debug|Any CPU.Build.0 = Debug|Any CPU
		{07D014B6-C71A-4AD9-90B4-D8136CBF2B58}.DebugLocal|Any CPU.ActiveCfg = Debug|Any CPU
		{07D014B6-C71A-4AD9-90B4-D8136CBF2B58}.DebugLocal|Any CPU.Build.0 = Debug|Any CPU
		{07D014B6-C71A-4AD9-90B4-D8136CBF2B58}.Release|Any CPU.ActiveCfg = Release|Any CPU
		{07D014B6-C71A-4AD9-90B4-D8136CBF2B58}.Release|Any CPU.Build.0 = Release|Any CPU
		{3C6B435C-0703-421E-B088-045BBB49E3B3}.Debug|Any CPU.ActiveCfg = Debug|Any CPU
		{3C6B435C-0703-421E-B088-045BBB49E3B3}.Debug|Any CPU.Build.0 = Debug|Any CPU
		{3C6B435C-0703-421E-B088-045BBB49E3B3}.DebugLocal|Any CPU.ActiveCfg = Debug|Any CPU
		{3C6B435C-0703-421E-B088-045BBB49E3B3}.DebugLocal|Any CPU.Build.0 = Debug|Any CPU
		{3C6B435C-0703-421E-B088-045BBB49E3B3}.Release|Any CPU.ActiveCfg = Release|Any CPU
		{3C6B435C-0703-421E-B088-045BBB49E3B3}.Release|Any CPU.Build.0 = Release|Any CPU
		{0D230E47-2FAD-4CDD-B51E-83E55BF1C76C}.Debug|Any CPU.ActiveCfg = Debug|Any CPU
		{0D230E47-2FAD-4CDD-B51E-83E55BF1C76C}.Debug|Any CPU.Build.0 = Debug|Any CPU
		{0D230E47-2FAD-4CDD-B51E-83E55BF1C76C}.DebugLocal|Any CPU.ActiveCfg = Debug|Any CPU
		{0D230E47-2FAD-4CDD-B51E-83E55BF1C76C}.DebugLocal|Any CPU.Build.0 = Debug|Any CPU
		{0D230E47-2FAD-4CDD-B51E-83E55BF1C76C}.Release|Any CPU.ActiveCfg = Release|Any CPU
		{0D230E47-2FAD-4CDD-B51E-83E55BF1C76C}.Release|Any CPU.Build.0 = Release|Any CPU
		{53DB57E4-FAD3-46AC-8273-9F89A3516A19}.Debug|Any CPU.ActiveCfg = Debug|Any CPU
		{53DB57E4-FAD3-46AC-8273-9F89A3516A19}.Debug|Any CPU.Build.0 = Debug|Any CPU
		{53DB57E4-FAD3-46AC-8273-9F89A3516A19}.DebugLocal|Any CPU.ActiveCfg = Debug|Any CPU
		{53DB57E4-FAD3-46AC-8273-9F89A3516A19}.DebugLocal|Any CPU.Build.0 = Debug|Any CPU
		{53DB57E4-FAD3-46AC-8273-9F89A3516A19}.Release|Any CPU.ActiveCfg = Release|Any CPU
		{53DB57E4-FAD3-46AC-8273-9F89A3516A19}.Release|Any CPU.Build.0 = Release|Any CPU
	EndGlobalSection
	GlobalSection(SolutionProperties) = preSolution
		HideSolutionNode = FALSE
	EndGlobalSection
EndGlobal
